
Microsoft Visual Studio Solution File, Format Version 12.00
# Visual Studio Version 16
VisualStudioVersion = 16.0.30011.22
MinimumVisualStudioVersion = 10.0.40219.1
Project("{9A19103F-16F7-4668-BE54-9A1E7A4F7556}") = "SyngentaProjectAPIs", "SyngentaProject.API\SyngentaProjectAPIs.csproj", "{1F61C635-8123-4F0A-BF92-47BC27AC15B5}"
EndProject
Global
	GlobalSection(SolutionConfigurationPlatforms) = preSolution
		Debug|Any CPU = Debug|Any CPU
		Release|Any CPU = Release|Any CPU
	EndGlobalSection
	GlobalSection(ProjectConfigurationPlatforms) = postSolution
		{1F61C635-8123-4F0A-BF92-47BC27AC15B5}.Debug|Any CPU.ActiveCfg = Debug|Any CPU
		{1F61C635-8123-4F0A-BF92-47BC27AC15B5}.Debug|Any CPU.Build.0 = Debug|Any CPU
		{1F61C635-8123-4F0A-BF92-47BC27AC15B5}.Release|Any CPU.ActiveCfg = Release|Any CPU
		{1F61C635-8123-4F0A-BF92-47BC27AC15B5}.Release|Any CPU.Build.0 = Release|Any CPU
	EndGlobalSection
	GlobalSection(SolutionProperties) = preSolution
		HideSolutionNode = FALSE
	EndGlobalSection
	GlobalSection(ExtensibilityGlobals) = postSolution
		SolutionGuid = {FD2DC88E-8288-4E8F-A490-A32D2AE4FCD9}
	EndGlobalSection
EndGlobal
